
Microsoft Visual Studio Solution File, Format Version 12.00
# Visual Studio Version 17
VisualStudioVersion = 17.2.32526.322
MinimumVisualStudioVersion = 10.0.40219.1
Project("{FAE04EC0-301F-11D3-BF4B-00C04F79EFBC}") = "scociete assurance", "scociete assurance.csproj", "{D7E92244-91FA-419F-AE0A-75CFC61A283C}"
EndProject
Global
	GlobalSection(SolutionConfigurationPlatforms) = preSolution
		Debug|Any CPU = Debug|Any CPU
		Release|Any CPU = Release|Any CPU
	EndGlobalSection
	GlobalSection(ProjectConfigurationPlatforms) = postSolution
		{D7E92244-91FA-419F-AE0A-75CFC61A283C}.Debug|Any CPU.ActiveCfg = Debug|Any CPU
		{D7E92244-91FA-419F-AE0A-75CFC61A283C}.Debug|Any CPU.Build.0 = Debug|Any CPU
		{D7E92244-91FA-419F-AE0A-75CFC61A283C}.Release|Any CPU.ActiveCfg = Release|Any CPU
		{D7E92244-91FA-419F-AE0A-75CFC61A283C}.Release|Any CPU.Build.0 = Release|Any CPU
	EndGlobalSection
	GlobalSection(SolutionProperties) = preSolution
		HideSolutionNode = FALSE
	EndGlobalSection
	GlobalSection(ExtensibilityGlobals) = postSolution
		SolutionGuid = {50F49ADB-3CE7-480E-8AA5-4FA6D88FF52B}
	EndGlobalSection
EndGlobal
